// !$*UTF8*$!
{
	archiveVersion = 1;
	classes = {
	};
	objectVersion = 46;
	objects = {

/* Begin PBXBuildFile section */
		37E31948CB9845A8C6733908 /* Pods_SwiftBioTests.framework in Frameworks */ = {isa = PBXBuildFile; fileRef = 9D63B6CE1F9551D2E1F44599 /* Pods_SwiftBioTests.framework */; };
		87CCA5F2B6B430AB9786A777 /* Pods_SwiftBio.framework in Frameworks */ = {isa = PBXBuildFile; fileRef = 9E90255760D4D0956604BB27 /* Pods_SwiftBio.framework */; };
		967B4B9B2007DF59003789D1 /* Podfile in Resources */ = {isa = PBXBuildFile; fileRef = 967B4B9A2007DF59003789D1 /* Podfile */; };
		96C898ED2007D51A00A289B7 /* AppDelegate.swift in Sources */ = {isa = PBXBuildFile; fileRef = 96C898EC2007D51A00A289B7 /* AppDelegate.swift */; };
		96C898EF2007D51A00A289B7 /* ViewController.swift in Sources */ = {isa = PBXBuildFile; fileRef = 96C898EE2007D51A00A289B7 /* ViewController.swift */; };
		96C898F22007D51A00A289B7 /* Main.storyboard in Resources */ = {isa = PBXBuildFile; fileRef = 96C898F02007D51A00A289B7 /* Main.storyboard */; };
		96C898F42007D51A00A289B7 /* Assets.xcassets in Resources */ = {isa = PBXBuildFile; fileRef = 96C898F32007D51A00A289B7 /* Assets.xcassets */; };
		96C898F72007D51A00A289B7 /* LaunchScreen.storyboard in Resources */ = {isa = PBXBuildFile; fileRef = 96C898F52007D51A00A289B7 /* LaunchScreen.storyboard */; };
		96C899022007D51A00A289B7 /* SwiftBioTests.swift in Sources */ = {isa = PBXBuildFile; fileRef = 96C899012007D51A00A289B7 /* SwiftBioTests.swift */; };
		96C8990D2007D51A00A289B7 /* SwiftBioUITests.swift in Sources */ = {isa = PBXBuildFile; fileRef = 96C8990C2007D51A00A289B7 /* SwiftBioUITests.swift */; };
		DA0FE7624C702C1356011904 /* Pods_SwiftBioUITests.framework in Frameworks */ = {isa = PBXBuildFile; fileRef = 81C310CC11D2A1FF73D31BFA /* Pods_SwiftBioUITests.framework */; };
/* End PBXBuildFile section */

/* Begin PBXContainerItemProxy section */
		96C898FE2007D51A00A289B7 /* PBXContainerItemProxy */ = {
			isa = PBXContainerItemProxy;
			containerPortal = 96C898E12007D51900A289B7 /* Project object */;
			proxyType = 1;
			remoteGlobalIDString = 96C898E82007D51900A289B7;
			remoteInfo = SwiftBio;
		};
		96C899092007D51A00A289B7 /* PBXContainerItemProxy */ = {
			isa = PBXContainerItemProxy;
			containerPortal = 96C898E12007D51900A289B7 /* Project object */;
			proxyType = 1;
			remoteGlobalIDString = 96C898E82007D51900A289B7;
			remoteInfo = SwiftBio;
		};
/* End PBXContainerItemProxy section */

/* Begin PBXFileReference section */
		63EB75F302FA52826CE9DB84 /* Pods-SwiftBio.release.xcconfig */ = {isa = PBXFileReference; includeInIndex = 1; lastKnownFileType = text.xcconfig; name = "Pods-SwiftBio.release.xcconfig"; path = "Pods/Target Support Files/Pods-SwiftBio/Pods-SwiftBio.release.xcconfig"; sourceTree = "<group>"; };
		74D94E4A780CC1A4B4E8A68F /* Pods-SwiftBio.debug.xcconfig */ = {isa = PBXFileReference; includeInIndex = 1; lastKnownFileType = text.xcconfig; name = "Pods-SwiftBio.debug.xcconfig"; path = "Pods/Target Support Files/Pods-SwiftBio/Pods-SwiftBio.debug.xcconfig"; sourceTree = "<group>"; };
		7AD8609B8956B1AB6A9C2C31 /* Pods-SwiftBioTests.release.xcconfig */ = {isa = PBXFileReference; includeInIndex = 1; lastKnownFileType = text.xcconfig; name = "Pods-SwiftBioTests.release.xcconfig"; path = "Pods/Target Support Files/Pods-SwiftBioTests/Pods-SwiftBioTests.release.xcconfig"; sourceTree = "<group>"; };
		81C310CC11D2A1FF73D31BFA /* Pods_SwiftBioUITests.framework */ = {isa = PBXFileReference; explicitFileType = wrapper.framework; includeInIndex = 0; path = Pods_SwiftBioUITests.framework; sourceTree = BUILT_PRODUCTS_DIR; };
		92A2D36B448286C2685813AC /* Pods-SwiftBioTests.debug.xcconfig */ = {isa = PBXFileReference; includeInIndex = 1; lastKnownFileType = text.xcconfig; name = "Pods-SwiftBioTests.debug.xcconfig"; path = "Pods/Target Support Files/Pods-SwiftBioTests/Pods-SwiftBioTests.debug.xcconfig"; sourceTree = "<group>"; };
		967B4B9A2007DF59003789D1 /* Podfile */ = {isa = PBXFileReference; fileEncoding = 4; lastKnownFileType = text; path = Podfile; sourceTree = "<group>"; };
		96C898E92007D51A00A289B7 /* SwiftBio.app */ = {isa = PBXFileReference; explicitFileType = wrapper.application; includeInIndex = 0; path = SwiftBio.app; sourceTree = BUILT_PRODUCTS_DIR; };
		96C898EC2007D51A00A289B7 /* AppDelegate.swift */ = {isa = PBXFileReference; lastKnownFileType = sourcecode.swift; path = AppDelegate.swift; sourceTree = "<group>"; };
		96C898EE2007D51A00A289B7 /* ViewController.swift */ = {isa = PBXFileReference; lastKnownFileType = sourcecode.swift; path = ViewController.swift; sourceTree = "<group>"; };
		96C898F12007D51A00A289B7 /* Base */ = {isa = PBXFileReference; lastKnownFileType = file.storyboard; name = Base; path = Base.lproj/Main.storyboard; sourceTree = "<group>"; };
		96C898F32007D51A00A289B7 /* Assets.xcassets */ = {isa = PBXFileReference; lastKnownFileType = folder.assetcatalog; path = Assets.xcassets; sourceTree = "<group>"; };
		96C898F62007D51A00A289B7 /* Base */ = {isa = PBXFileReference; lastKnownFileType = file.storyboard; name = Base; path = Base.lproj/LaunchScreen.storyboard; sourceTree = "<group>"; };
		96C898F82007D51A00A289B7 /* Info.plist */ = {isa = PBXFileReference; lastKnownFileType = text.plist.xml; path = Info.plist; sourceTree = "<group>"; };
		96C898FD2007D51A00A289B7 /* SwiftBioTests.xctest */ = {isa = PBXFileReference; explicitFileType = wrapper.cfbundle; includeInIndex = 0; path = SwiftBioTests.xctest; sourceTree = BUILT_PRODUCTS_DIR; };
		96C899012007D51A00A289B7 /* SwiftBioTests.swift */ = {isa = PBXFileReference; lastKnownFileType = sourcecode.swift; path = SwiftBioTests.swift; sourceTree = "<group>"; };
		96C899032007D51A00A289B7 /* Info.plist */ = {isa = PBXFileReference; lastKnownFileType = text.plist.xml; path = Info.plist; sourceTree = "<group>"; };
		96C899082007D51A00A289B7 /* SwiftBioUITests.xctest */ = {isa = PBXFileReference; explicitFileType = wrapper.cfbundle; includeInIndex = 0; path = SwiftBioUITests.xctest; sourceTree = BUILT_PRODUCTS_DIR; };
		96C8990C2007D51A00A289B7 /* SwiftBioUITests.swift */ = {isa = PBXFileReference; lastKnownFileType = sourcecode.swift; path = SwiftBioUITests.swift; sourceTree = "<group>"; };
		96C8990E2007D51A00A289B7 /* Info.plist */ = {isa = PBXFileReference; lastKnownFileType = text.plist.xml; path = Info.plist; sourceTree = "<group>"; };
		9D63B6CE1F9551D2E1F44599 /* Pods_SwiftBioTests.framework */ = {isa = PBXFileReference; explicitFileType = wrapper.framework; includeInIndex = 0; path = Pods_SwiftBioTests.framework; sourceTree = BUILT_PRODUCTS_DIR; };
		9E90255760D4D0956604BB27 /* Pods_SwiftBio.framework */ = {isa = PBXFileReference; explicitFileType = wrapper.framework; includeInIndex = 0; path = Pods_SwiftBio.framework; sourceTree = BUILT_PRODUCTS_DIR; };
		B1DCB1F7AA1D2A23E00637F3 /* Pods-SwiftBioUITests.debug.xcconfig */ = {isa = PBXFileReference; includeInIndex = 1; lastKnownFileType = text.xcconfig; name = "Pods-SwiftBioUITests.debug.xcconfig"; path = "Pods/Target Support Files/Pods-SwiftBioUITests/Pods-SwiftBioUITests.debug.xcconfig"; sourceTree = "<group>"; };
		E95D046E3ED3D1AFA51AFA9D /* Pods-SwiftBioUITests.release.xcconfig */ = {isa = PBXFileReference; includeInIndex = 1; lastKnownFileType = text.xcconfig; name = "Pods-SwiftBioUITests.release.xcconfig"; path = "Pods/Target Support Files/Pods-SwiftBioUITests/Pods-SwiftBioUITests.release.xcconfig"; sourceTree = "<group>"; };
/* End PBXFileReference section */

/* Begin PBXFrameworksBuildPhase section */
		96C898E62007D51900A289B7 /* Frameworks */ = {
			isa = PBXFrameworksBuildPhase;
			buildActionMask = 2147483647;
			files = (
				87CCA5F2B6B430AB9786A777 /* Pods_SwiftBio.framework in Frameworks */,
			);
			runOnlyForDeploymentPostprocessing = 0;
		};
		96C898FA2007D51A00A289B7 /* Frameworks */ = {
			isa = PBXFrameworksBuildPhase;
			buildActionMask = 2147483647;
			files = (
				37E31948CB9845A8C6733908 /* Pods_SwiftBioTests.framework in Frameworks */,
			);
			runOnlyForDeploymentPostprocessing = 0;
		};
		96C899052007D51A00A289B7 /* Frameworks */ = {
			isa = PBXFrameworksBuildPhase;
			buildActionMask = 2147483647;
			files = (
				DA0FE7624C702C1356011904 /* Pods_SwiftBioUITests.framework in Frameworks */,
			);
			runOnlyForDeploymentPostprocessing = 0;
		};
/* End PBXFrameworksBuildPhase section */

/* Begin PBXGroup section */
		6B365E6143FE9F2AEAD5146C /* Pods */ = {
			isa = PBXGroup;
			children = (
				74D94E4A780CC1A4B4E8A68F /* Pods-SwiftBio.debug.xcconfig */,
				63EB75F302FA52826CE9DB84 /* Pods-SwiftBio.release.xcconfig */,
				92A2D36B448286C2685813AC /* Pods-SwiftBioTests.debug.xcconfig */,
				7AD8609B8956B1AB6A9C2C31 /* Pods-SwiftBioTests.release.xcconfig */,
				B1DCB1F7AA1D2A23E00637F3 /* Pods-SwiftBioUITests.debug.xcconfig */,
				E95D046E3ED3D1AFA51AFA9D /* Pods-SwiftBioUITests.release.xcconfig */,
			);
			name = Pods;
			sourceTree = "<group>";
		};
		791BF85AADEBB5F05F887A2F /* Frameworks */ = {
			isa = PBXGroup;
			children = (
				9E90255760D4D0956604BB27 /* Pods_SwiftBio.framework */,
				9D63B6CE1F9551D2E1F44599 /* Pods_SwiftBioTests.framework */,
				81C310CC11D2A1FF73D31BFA /* Pods_SwiftBioUITests.framework */,
			);
			name = Frameworks;
			sourceTree = "<group>";
		};
		96C898E02007D51900A289B7 = {
			isa = PBXGroup;
			children = (
				967B4B9A2007DF59003789D1 /* Podfile */,
				96C898EB2007D51A00A289B7 /* SwiftBio */,
				96C899002007D51A00A289B7 /* SwiftBioTests */,
				96C8990B2007D51A00A289B7 /* SwiftBioUITests */,
				96C898EA2007D51A00A289B7 /* Products */,
				6B365E6143FE9F2AEAD5146C /* Pods */,
				791BF85AADEBB5F05F887A2F /* Frameworks */,
			);
			sourceTree = "<group>";
		};
		96C898EA2007D51A00A289B7 /* Products */ = {
			isa = PBXGroup;
			children = (
				96C898E92007D51A00A289B7 /* SwiftBio.app */,
				96C898FD2007D51A00A289B7 /* SwiftBioTests.xctest */,
				96C899082007D51A00A289B7 /* SwiftBioUITests.xctest */,
			);
			name = Products;
			sourceTree = "<group>";
		};
		96C898EB2007D51A00A289B7 /* SwiftBio */ = {
			isa = PBXGroup;
			children = (
				96C898EC2007D51A00A289B7 /* AppDelegate.swift */,
				96C898EE2007D51A00A289B7 /* ViewController.swift */,
				96C898F02007D51A00A289B7 /* Main.storyboard */,
				96C898F32007D51A00A289B7 /* Assets.xcassets */,
				96C898F52007D51A00A289B7 /* LaunchScreen.storyboard */,
				96C898F82007D51A00A289B7 /* Info.plist */,
			);
			path = SwiftBio;
			sourceTree = "<group>";
		};
		96C899002007D51A00A289B7 /* SwiftBioTests */ = {
			isa = PBXGroup;
			children = (
				96C899012007D51A00A289B7 /* SwiftBioTests.swift */,
				96C899032007D51A00A289B7 /* Info.plist */,
			);
			path = SwiftBioTests;
			sourceTree = "<group>";
		};
		96C8990B2007D51A00A289B7 /* SwiftBioUITests */ = {
			isa = PBXGroup;
			children = (
				96C8990C2007D51A00A289B7 /* SwiftBioUITests.swift */,
				96C8990E2007D51A00A289B7 /* Info.plist */,
			);
			path = SwiftBioUITests;
			sourceTree = "<group>";
		};
/* End PBXGroup section */

/* Begin PBXNativeTarget section */
		96C898E82007D51900A289B7 /* SwiftBio */ = {
			isa = PBXNativeTarget;
			buildConfigurationList = 96C899112007D51A00A289B7 /* Build configuration list for PBXNativeTarget "SwiftBio" */;
			buildPhases = (
				4FC2E2BBC934DCFAD1360400 /* [CP] Check Pods Manifest.lock */,
				96C898E52007D51900A289B7 /* Sources */,
				96C898E62007D51900A289B7 /* Frameworks */,
				96C898E72007D51900A289B7 /* Resources */,
				3C77CC546C8CD541D67C4F2D /* [CP] Embed Pods Frameworks */,
				0300215797F1C65B84B34EBD /* [CP] Copy Pods Resources */,
			);
			buildRules = (
			);
			dependencies = (
			);
			name = SwiftBio;
			productName = SwiftBio;
			productReference = 96C898E92007D51A00A289B7 /* SwiftBio.app */;
			productType = "com.apple.product-type.application";
		};
		96C898FC2007D51A00A289B7 /* SwiftBioTests */ = {
			isa = PBXNativeTarget;
			buildConfigurationList = 96C899142007D51A00A289B7 /* Build configuration list for PBXNativeTarget "SwiftBioTests" */;
			buildPhases = (
				99D98B535EE6FB460F22600A /* [CP] Check Pods Manifest.lock */,
				96C898F92007D51A00A289B7 /* Sources */,
				96C898FA2007D51A00A289B7 /* Frameworks */,
				96C898FB2007D51A00A289B7 /* Resources */,
				809A46ABBCF177D83E061609 /* [CP] Embed Pods Frameworks */,
				DE6847735D3934E0AD6A5421 /* [CP] Copy Pods Resources */,
			);
			buildRules = (
			);
			dependencies = (
				96C898FF2007D51A00A289B7 /* PBXTargetDependency */,
			);
			name = SwiftBioTests;
			productName = SwiftBioTests;
			productReference = 96C898FD2007D51A00A289B7 /* SwiftBioTests.xctest */;
			productType = "com.apple.product-type.bundle.unit-test";
		};
		96C899072007D51A00A289B7 /* SwiftBioUITests */ = {
			isa = PBXNativeTarget;
			buildConfigurationList = 96C899172007D51A00A289B7 /* Build configuration list for PBXNativeTarget "SwiftBioUITests" */;
			buildPhases = (
				1CCFD4FE074D5680EA63BFD0 /* [CP] Check Pods Manifest.lock */,
				96C899042007D51A00A289B7 /* Sources */,
				96C899052007D51A00A289B7 /* Frameworks */,
				96C899062007D51A00A289B7 /* Resources */,
				B4EDFDE51A867FA8EAC09F44 /* [CP] Embed Pods Frameworks */,
				CD61B05146BAED7178B94F23 /* [CP] Copy Pods Resources */,
			);
			buildRules = (
			);
			dependencies = (
				96C8990A2007D51A00A289B7 /* PBXTargetDependency */,
			);
			name = SwiftBioUITests;
			productName = SwiftBioUITests;
			productReference = 96C899082007D51A00A289B7 /* SwiftBioUITests.xctest */;
			productType = "com.apple.product-type.bundle.ui-testing";
		};
/* End PBXNativeTarget section */

/* Begin PBXProject section */
		96C898E12007D51900A289B7 /* Project object */ = {
			isa = PBXProject;
			attributes = {
				LastSwiftUpdateCheck = 0820;
				LastUpgradeCheck = 0820;
				ORGANIZATIONNAME = Jason;
				TargetAttributes = {
					96C898E82007D51900A289B7 = {
						CreatedOnToolsVersion = 8.2.1;
						DevelopmentTeam = KRY283DX26;
						ProvisioningStyle = Automatic;
					};
					96C898FC2007D51A00A289B7 = {
						CreatedOnToolsVersion = 8.2.1;
						ProvisioningStyle = Automatic;
						TestTargetID = 96C898E82007D51900A289B7;
					};
					96C899072007D51A00A289B7 = {
						CreatedOnToolsVersion = 8.2.1;
						ProvisioningStyle = Automatic;
						TestTargetID = 96C898E82007D51900A289B7;
					};
				};
			};
			buildConfigurationList = 96C898E42007D51900A289B7 /* Build configuration list for PBXProject "SwiftBio" */;
			compatibilityVersion = "Xcode 3.2";
			developmentRegion = English;
			hasScannedForEncodings = 0;
			knownRegions = (
				en,
				Base,
			);
			mainGroup = 96C898E02007D51900A289B7;
			productRefGroup = 96C898EA2007D51A00A289B7 /* Products */;
			projectDirPath = "";
			projectRoot = "";
			targets = (
				96C898E82007D51900A289B7 /* SwiftBio */,
				96C898FC2007D51A00A289B7 /* SwiftBioTests */,
				96C899072007D51A00A289B7 /* SwiftBioUITests */,
			);
		};
/* End PBXProject section */

/* Begin PBXResourcesBuildPhase section */
		96C898E72007D51900A289B7 /* Resources */ = {
			isa = PBXResourcesBuildPhase;
			buildActionMask = 2147483647;
			files = (
				96C898F72007D51A00A289B7 /* LaunchScreen.storyboard in Resources */,
				96C898F42007D51A00A289B7 /* Assets.xcassets in Resources */,
				967B4B9B2007DF59003789D1 /* Podfile in Resources */,
				96C898F22007D51A00A289B7 /* Main.storyboard in Resources */,
			);
			runOnlyForDeploymentPostprocessing = 0;
		};
		96C898FB2007D51A00A289B7 /* Resources */ = {
			isa = PBXResourcesBuildPhase;
			buildActionMask = 2147483647;
			files = (
			);
			runOnlyForDeploymentPostprocessing = 0;
		};
		96C899062007D51A00A289B7 /* Resources */ = {
			isa = PBXResourcesBuildPhase;
			buildActionMask = 2147483647;
			files = (
			);
			runOnlyForDeploymentPostprocessing = 0;
		};
/* End PBXResourcesBuildPhase section */

/* Begin PBXShellScriptBuildPhase section */
		0300215797F1C65B84B34EBD /* [CP] Copy Pods Resources */ = {
			isa = PBXShellScriptBuildPhase;
			buildActionMask = 2147483647;
			files = (
			);
			inputPaths = (
			);
			name = "[CP] Copy Pods Resources";
			outputPaths = (
			);
			runOnlyForDeploymentPostprocessing = 0;
			shellPath = /bin/sh;
			shellScript = "\"${SRCROOT}/Pods/Target Support Files/Pods-SwiftBio/Pods-SwiftBio-resources.sh\"\n";
			showEnvVarsInLog = 0;
		};
		1CCFD4FE074D5680EA63BFD0 /* [CP] Check Pods Manifest.lock */ = {
			isa = PBXShellScriptBuildPhase;
			buildActionMask = 2147483647;
			files = (
			);
			inputPaths = (
				"${PODS_PODFILE_DIR_PATH}/Podfile.lock",
				"${PODS_ROOT}/Manifest.lock",
			);
			name = "[CP] Check Pods Manifest.lock";
			outputPaths = (
				"$(DERIVED_FILE_DIR)/Pods-SwiftBioUITests-checkManifestLockResult.txt",
			);
			runOnlyForDeploymentPostprocessing = 0;
			shellPath = /bin/sh;
			shellScript = "diff \"${PODS_PODFILE_DIR_PATH}/Podfile.lock\" \"${PODS_ROOT}/Manifest.lock\" > /dev/null\nif [ $? != 0 ] ; then\n    # print error to STDERR\n    echo \"error: The sandbox is not in sync with the Podfile.lock. Run 'pod install' or update your CocoaPods installation.\" >&2\n    exit 1\nfi\n# This output is used by Xcode 'outputs' to avoid re-running this script phase.\necho \"SUCCESS\" > \"${SCRIPT_OUTPUT_FILE_0}\"\n";
			showEnvVarsInLog = 0;
		};
		3C77CC546C8CD541D67C4F2D /* [CP] Embed Pods Frameworks */ = {
			isa = PBXShellScriptBuildPhase;
			buildActionMask = 2147483647;
			files = (
			);
			inputPaths = (
			);
			name = "[CP] Embed Pods Frameworks";
			outputPaths = (
			);
			runOnlyForDeploymentPostprocessing = 0;
			shellPath = /bin/sh;
			shellScript = "\"${SRCROOT}/Pods/Target Support Files/Pods-SwiftBio/Pods-SwiftBio-frameworks.sh\"\n";
			showEnvVarsInLog = 0;
		};
		4FC2E2BBC934DCFAD1360400 /* [CP] Check Pods Manifest.lock */ = {
			isa = PBXShellScriptBuildPhase;
			buildActionMask = 2147483647;
			files = (
			);
			inputPaths = (
				"${PODS_PODFILE_DIR_PATH}/Podfile.lock",
				"${PODS_ROOT}/Manifest.lock",
			);
			name = "[CP] Check Pods Manifest.lock";
			outputPaths = (
				"$(DERIVED_FILE_DIR)/Pods-SwiftBio-checkManifestLockResult.txt",
			);
			runOnlyForDeploymentPostprocessing = 0;
			shellPath = /bin/sh;
			shellScript = "diff \"${PODS_PODFILE_DIR_PATH}/Podfile.lock\" \"${PODS_ROOT}/Manifest.lock\" > /dev/null\nif [ $? != 0 ] ; then\n    # print error to STDERR\n    echo \"error: The sandbox is not in sync with the Podfile.lock. Run 'pod install' or update your CocoaPods installation.\" >&2\n    exit 1\nfi\n# This output is used by Xcode 'outputs' to avoid re-running this script phase.\necho \"SUCCESS\" > \"${SCRIPT_OUTPUT_FILE_0}\"\n";
			showEnvVarsInLog = 0;
		};
		809A46ABBCF177D83E061609 /* [CP] Embed Pods Frameworks */ = {
			isa = PBXShellScriptBuildPhase;
			buildActionMask = 2147483647;
			files = (
			);
			inputPaths = (
			);
			name = "[CP] Embed Pods Frameworks";
			outputPaths = (
			);
			runOnlyForDeploymentPostprocessing = 0;
			shellPath = /bin/sh;
			shellScript = "\"${SRCROOT}/Pods/Target Support Files/Pods-SwiftBioTests/Pods-SwiftBioTests-frameworks.sh\"\n";
			showEnvVarsInLog = 0;
		};
		99D98B535EE6FB460F22600A /* [CP] Check Pods Manifest.lock */ = {
			isa = PBXShellScriptBuildPhase;
			buildActionMask = 2147483647;
			files = (
			);
			inputPaths = (
				"${PODS_PODFILE_DIR_PATH}/Podfile.lock",
				"${PODS_ROOT}/Manifest.lock",
			);
			name = "[CP] Check Pods Manifest.lock";
			outputPaths = (
				"$(DERIVED_FILE_DIR)/Pods-SwiftBioTests-checkManifestLockResult.txt",
			);
			runOnlyForDeploymentPostprocessing = 0;
			shellPath = /bin/sh;
			shellScript = "diff \"${PODS_PODFILE_DIR_PATH}/Podfile.lock\" \"${PODS_ROOT}/Manifest.lock\" > /dev/null\nif [ $? != 0 ] ; then\n    # print error to STDERR\n    echo \"error: The sandbox is not in sync with the Podfile.lock. Run 'pod install' or update your CocoaPods installation.\" >&2\n    exit 1\nfi\n# This output is used by Xcode 'outputs' to avoid re-running this script phase.\necho \"SUCCESS\" > \"${SCRIPT_OUTPUT_FILE_0}\"\n";
			showEnvVarsInLog = 0;
		};
		B4EDFDE51A867FA8EAC09F44 /* [CP] Embed Pods Frameworks */ = {
			isa = PBXShellScriptBuildPhase;
			buildActionMask = 2147483647;
			files = (
			);
			inputPaths = (
			);
			name = "[CP] Embed Pods Frameworks";
			outputPaths = (
			);
			runOnlyForDeploymentPostprocessing = 0;
			shellPath = /bin/sh;
			shellScript = "\"${SRCROOT}/Pods/Target Support Files/Pods-SwiftBioUITests/Pods-SwiftBioUITests-frameworks.sh\"\n";
			showEnvVarsInLog = 0;
		};
		CD61B05146BAED7178B94F23 /* [CP] Copy Pods Resources */ = {
			isa = PBXShellScriptBuildPhase;
			buildActionMask = 2147483647;
			files = (
			);
			inputPaths = (
			);
			name = "[CP] Copy Pods Resources";
			outputPaths = (
			);
			runOnlyForDeploymentPostprocessing = 0;
			shellPath = /bin/sh;
			shellScript = "\"${SRCROOT}/Pods/Target Support Files/Pods-SwiftBioUITests/Pods-SwiftBioUITests-resources.sh\"\n";
			showEnvVarsInLog = 0;
		};
		DE6847735D3934E0AD6A5421 /* [CP] Copy Pods Resources */ = {
			isa = PBXShellScriptBuildPhase;
			buildActionMask = 2147483647;
			files = (
			);
			inputPaths = (
			);
			name = "[CP] Copy Pods Resources";
			outputPaths = (
			);
			runOnlyForDeploymentPostprocessing = 0;
			shellPath = /bin/sh;
			shellScript = "\"${SRCROOT}/Pods/Target Support Files/Pods-SwiftBioTests/Pods-SwiftBioTests-resources.sh\"\n";
			showEnvVarsInLog = 0;
		};
/* End PBXShellScriptBuildPhase section */

/* Begin PBXSourcesBuildPhase section */
		96C898E52007D51900A289B7 /* Sources */ = {
			isa = PBXSourcesBuildPhase;
			buildActionMask = 2147483647;
			files = (
				96C898EF2007D51A00A289B7 /* ViewController.swift in Sources */,
				96C898ED2007D51A00A289B7 /* AppDelegate.swift in Sources */,
			);
			runOnlyForDeploymentPostprocessing = 0;
		};
		96C898F92007D51A00A289B7 /* Sources */ = {
			isa = PBXSourcesBuildPhase;
			buildActionMask = 2147483647;
			files = (
				96C899022007D51A00A289B7 /* SwiftBioTests.swift in Sources */,
			);
			runOnlyForDeploymentPostprocessing = 0;
		};
		96C899042007D51A00A289B7 /* Sources */ = {
			isa = PBXSourcesBuildPhase;
			buildActionMask = 2147483647;
			files = (
				96C8990D2007D51A00A289B7 /* SwiftBioUITests.swift in Sources */,
			);
			runOnlyForDeploymentPostprocessing = 0;
		};
/* End PBXSourcesBuildPhase section */

/* Begin PBXTargetDependency section */
		96C898FF2007D51A00A289B7 /* PBXTargetDependency */ = {
			isa = PBXTargetDependency;
			target = 96C898E82007D51900A289B7 /* SwiftBio */;
			targetProxy = 96C898FE2007D51A00A289B7 /* PBXContainerItemProxy */;
		};
		96C8990A2007D51A00A289B7 /* PBXTargetDependency */ = {
			isa = PBXTargetDependency;
			target = 96C898E82007D51900A289B7 /* SwiftBio */;
			targetProxy = 96C899092007D51A00A289B7 /* PBXContainerItemProxy */;
		};
/* End PBXTargetDependency section */

/* Begin PBXVariantGroup section */
		96C898F02007D51A00A289B7 /* Main.storyboard */ = {
			isa = PBXVariantGroup;
			children = (
				96C898F12007D51A00A289B7 /* Base */,
			);
			name = Main.storyboard;
			sourceTree = "<group>";
		};
		96C898F52007D51A00A289B7 /* LaunchScreen.storyboard */ = {
			isa = PBXVariantGroup;
			children = (
				96C898F62007D51A00A289B7 /* Base */,
			);
			name = LaunchScreen.storyboard;
			sourceTree = "<group>";
		};
/* End PBXVariantGroup section */

/* Begin XCBuildConfiguration section */
		96C8990F2007D51A00A289B7 /* Debug */ = {
			isa = XCBuildConfiguration;
			buildSettings = {
				ALWAYS_SEARCH_USER_PATHS = NO;
				CLANG_ANALYZER_NONNULL = YES;
				CLANG_CXX_LANGUAGE_STANDARD = "gnu++0x";
				CLANG_CXX_LIBRARY = "libc++";
				CLANG_ENABLE_MODULES = YES;
				CLANG_ENABLE_OBJC_ARC = YES;
				CLANG_WARN_BOOL_CONVERSION = YES;
				CLANG_WARN_CONSTANT_CONVERSION = YES;
				CLANG_WARN_DIRECT_OBJC_ISA_USAGE = YES_ERROR;
				CLANG_WARN_DOCUMENTATION_COMMENTS = YES;
				CLANG_WARN_EMPTY_BODY = YES;
				CLANG_WARN_ENUM_CONVERSION = YES;
				CLANG_WARN_INFINITE_RECURSION = YES;
				CLANG_WARN_INT_CONVERSION = YES;
				CLANG_WARN_OBJC_ROOT_CLASS = YES_ERROR;
				CLANG_WARN_SUSPICIOUS_MOVE = YES;
				CLANG_WARN_UNREACHABLE_CODE = YES;
				CLANG_WARN__DUPLICATE_METHOD_MATCH = YES;
				"CODE_SIGN_IDENTITY[sdk=iphoneos*]" = "iPhone Developer";
				COPY_PHASE_STRIP = NO;
				DEBUG_INFORMATION_FORMAT = dwarf;
				ENABLE_STRICT_OBJC_MSGSEND = YES;
				ENABLE_TESTABILITY = YES;
				GCC_C_LANGUAGE_STANDARD = gnu99;
				GCC_DYNAMIC_NO_PIC = NO;
				GCC_NO_COMMON_BLOCKS = YES;
				GCC_OPTIMIZATION_LEVEL = 0;
				GCC_PREPROCESSOR_DEFINITIONS = (
					"DEBUG=1",
					"$(inherited)",
				);
				GCC_WARN_64_TO_32_BIT_CONVERSION = YES;
				GCC_WARN_ABOUT_RETURN_TYPE = YES_ERROR;
				GCC_WARN_UNDECLARED_SELECTOR = YES;
				GCC_WARN_UNINITIALIZED_AUTOS = YES_AGGRESSIVE;
				GCC_WARN_UNUSED_FUNCTION = YES;
				GCC_WARN_UNUSED_VARIABLE = YES;
				IPHONEOS_DEPLOYMENT_TARGET = 10.2;
				MTL_ENABLE_DEBUG_INFO = YES;
				ONLY_ACTIVE_ARCH = YES;
				SDKROOT = iphoneos;
				SWIFT_ACTIVE_COMPILATION_CONDITIONS = DEBUG;
				SWIFT_OPTIMIZATION_LEVEL = "-Onone";
				TARGETED_DEVICE_FAMILY = "1,2";
			};
			name = Debug;
		};
		96C899102007D51A00A289B7 /* Release */ = {
			isa = XCBuildConfiguration;
			buildSettings = {
				ALWAYS_SEARCH_USER_PATHS = NO;
				CLANG_ANALYZER_NONNULL = YES;
				CLANG_CXX_LANGUAGE_STANDARD = "gnu++0x";
				CLANG_CXX_LIBRARY = "libc++";
				CLANG_ENABLE_MODULES = YES;
				CLANG_ENABLE_OBJC_ARC = YES;
				CLANG_WARN_BOOL_CONVERSION = YES;
				CLANG_WARN_CONSTANT_CONVERSION = YES;
				CLANG_WARN_DIRECT_OBJC_ISA_USAGE = YES_ERROR;
				CLANG_WARN_DOCUMENTATION_COMMENTS = YES;
				CLANG_WARN_EMPTY_BODY = YES;
				CLANG_WARN_ENUM_CONVERSION = YES;
				CLANG_WARN_INFINITE_RECURSION = YES;
				CLANG_WARN_INT_CONVERSION = YES;
				CLANG_WARN_OBJC_ROOT_CLASS = YES_ERROR;
				CLANG_WARN_SUSPICIOUS_MOVE = YES;
				CLANG_WARN_UNREACHABLE_CODE = YES;
				CLANG_WARN__DUPLICATE_METHOD_MATCH = YES;
				"CODE_SIGN_IDENTITY[sdk=iphoneos*]" = "iPhone Developer";
				COPY_PHASE_STRIP = NO;
				DEBUG_INFORMATION_FORMAT = "dwarf-with-dsym";
				ENABLE_NS_ASSERTIONS = NO;
				ENABLE_STRICT_OBJC_MSGSEND = YES;
				GCC_C_LANGUAGE_STANDARD = gnu99;
				GCC_NO_COMMON_BLOCKS = YES;
				GCC_WARN_64_TO_32_BIT_CONVERSION = YES;
				GCC_WARN_ABOUT_RETURN_TYPE = YES_ERROR;
				GCC_WARN_UNDECLARED_SELECTOR = YES;
				GCC_WARN_UNINITIALIZED_AUTOS = YES_AGGRESSIVE;
				GCC_WARN_UNUSED_FUNCTION = YES;
				GCC_WARN_UNUSED_VARIABLE = YES;
				IPHONEOS_DEPLOYMENT_TARGET = 10.2;
				MTL_ENABLE_DEBUG_INFO = NO;
				SDKROOT = iphoneos;
				SWIFT_OPTIMIZATION_LEVEL = "-Owholemodule";
				TARGETED_DEVICE_FAMILY = "1,2";
				VALIDATE_PRODUCT = YES;
			};
			name = Release;
		};
		96C899122007D51A00A289B7 /* Debug */ = {
			isa = XCBuildConfiguration;
			baseConfigurationReference = 74D94E4A780CC1A4B4E8A68F /* Pods-SwiftBio.debug.xcconfig */;
			buildSettings = {
				ASSETCATALOG_COMPILER_APPICON_NAME = AppIcon;
				DEVELOPMENT_TEAM = KRY283DX26;
				INFOPLIST_FILE = SwiftBio/Info.plist;
				LD_RUNPATH_SEARCH_PATHS = "$(inherited) @executable_path/Frameworks";
				PRODUCT_BUNDLE_IDENTIFIER = com.firestorm.SwiftBio;
				PRODUCT_NAME = "$(TARGET_NAME)";
				SWIFT_VERSION = 3.0;
			};
			name = Debug;
		};
		96C899132007D51A00A289B7 /* Release */ = {
			isa = XCBuildConfiguration;
			baseConfigurationReference = 63EB75F302FA52826CE9DB84 /* Pods-SwiftBio.release.xcconfig */;
			buildSettings = {
				ASSETCATALOG_COMPILER_APPICON_NAME = AppIcon;
				DEVELOPMENT_TEAM = KRY283DX26;
				INFOPLIST_FILE = SwiftBio/Info.plist;
				LD_RUNPATH_SEARCH_PATHS = "$(inherited) @executable_path/Frameworks";
				PRODUCT_BUNDLE_IDENTIFIER = com.firestorm.SwiftBio;
				PRODUCT_NAME = "$(TARGET_NAME)";
				SWIFT_VERSION = 3.0;
			};
			name = Release;
		};
		96C899152007D51A00A289B7 /* Debug */ = {
			isa = XCBuildConfiguration;
			baseConfigurationReference = 92A2D36B448286C2685813AC /* Pods-SwiftBioTests.debug.xcconfig */;
			buildSettings = {
				ALWAYS_EMBED_SWIFT_STANDARD_LIBRARIES = YES;
				BUNDLE_LOADER = "$(TEST_HOST)";
				INFOPLIST_FILE = SwiftBioTests/Info.plist;
				LD_RUNPATH_SEARCH_PATHS = "$(inherited) @executable_path/Frameworks @loader_path/Frameworks";
				PRODUCT_BUNDLE_IDENTIFIER = com.firestorm.SwiftBioTests;
				PRODUCT_NAME = "$(TARGET_NAME)";
				SWIFT_VERSION = 3.0;
				TEST_HOST = "$(BUILT_PRODUCTS_DIR)/SwiftBio.app/SwiftBio";
			};
			name = Debug;
		};
		96C899162007D51A00A289B7 /* Release */ = {
			isa = XCBuildConfiguration;
			baseConfigurationReference = 7AD8609B8956B1AB6A9C2C31 /* Pods-SwiftBioTests.release.xcconfig */;
			buildSettings = {
				ALWAYS_EMBED_SWIFT_STANDARD_LIBRARIES = YES;
				BUNDLE_LOADER = "$(TEST_HOST)";
				INFOPLIST_FILE = SwiftBioTests/Info.plist;
				LD_RUNPATH_SEARCH_PATHS = "$(inherited) @executable_path/Frameworks @loader_path/Frameworks";
				PRODUCT_BUNDLE_IDENTIFIER = com.firestorm.SwiftBioTests;
				PRODUCT_NAME = "$(TARGET_NAME)";
				SWIFT_VERSION = 3.0;
				TEST_HOST = "$(BUILT_PRODUCTS_DIR)/SwiftBio.app/SwiftBio";
			};
			name = Release;
		};
		96C899182007D51A00A289B7 /* Debug */ = {
			isa = XCBuildConfiguration;
			baseConfigurationReference = B1DCB1F7AA1D2A23E00637F3 /* Pods-SwiftBioUITests.debug.xcconfig */;
			buildSettings = {
				ALWAYS_EMBED_SWIFT_STANDARD_LIBRARIES = YES;
				INFOPLIST_FILE = SwiftBioUITests/Info.plist;
				LD_RUNPATH_SEARCH_PATHS = "$(inherited) @executable_path/Frameworks @loader_path/Frameworks";
				PRODUCT_BUNDLE_IDENTIFIER = com.firestorm.SwiftBioUITests;
				PRODUCT_NAME = "$(TARGET_NAME)";
				SWIFT_VERSION = 3.0;
				TEST_TARGET_NAME = SwiftBio;
			};
			name = Debug;
		};
		96C899192007D51A00A289B7 /* Release */ = {
			isa = XCBuildConfiguration;
			baseConfigurationReference = E95D046E3ED3D1AFA51AFA9D /* Pods-SwiftBioUITests.release.xcconfig */;
			buildSettings = {
				ALWAYS_EMBED_SWIFT_STANDARD_LIBRARIES = YES;
				INFOPLIST_FILE = SwiftBioUITests/Info.plist;
				LD_RUNPATH_SEARCH_PATHS = "$(inherited) @executable_path/Frameworks @loader_path/Frameworks";
				PRODUCT_BUNDLE_IDENTIFIER = com.firestorm.SwiftBioUITests;
				PRODUCT_NAME = "$(TARGET_NAME)";
				SWIFT_VERSION = 3.0;
				TEST_TARGET_NAME = SwiftBio;
			};
			name = Release;
		};
/* End XCBuildConfiguration section */

/* Begin XCConfigurationList section */
		96C898E42007D51900A289B7 /* Build configuration list for PBXProject "SwiftBio" */ = {
			isa = XCConfigurationList;
			buildConfigurations = (
				96C8990F2007D51A00A289B7 /* Debug */,
				96C899102007D51A00A289B7 /* Release */,
			);
			defaultConfigurationIsVisible = 0;
			defaultConfigurationName = Release;
		};
		96C899112007D51A00A289B7 /* Build configuration list for PBXNativeTarget "SwiftBio" */ = {
			isa = XCConfigurationList;
			buildConfigurations = (
				96C899122007D51A00A289B7 /* Debug */,
				96C899132007D51A00A289B7 /* Release */,
			);
			defaultConfigurationIsVisible = 0;
			defaultConfigurationName = Release;
		};
		96C899142007D51A00A289B7 /* Build configuration list for PBXNativeTarget "SwiftBioTests" */ = {
			isa = XCConfigurationList;
			buildConfigurations = (
				96C899152007D51A00A289B7 /* Debug */,
				96C899162007D51A00A289B7 /* Release */,
			);
			defaultConfigurationIsVisible = 0;
			defaultConfigurationName = Release;
		};
		96C899172007D51A00A289B7 /* Build configuration list for PBXNativeTarget "SwiftBioUITests" */ = {
			isa = XCConfigurationList;
			buildConfigurations = (
				96C899182007D51A00A289B7 /* Debug */,
				96C899192007D51A00A289B7 /* Release */,
			);
			defaultConfigurationIsVisible = 0;
			defaultConfigurationName = Release;
		};
/* End XCConfigurationList section */
	};
	rootObject = 96C898E12007D51900A289B7 /* Project object */;
}
